github.com/buke/quickjs-go v0.3.0 h1:3etkdaPlm/mP48yYT+gjwcTbyqYCqzUcroBtLfmlfZ8=
github.com/buke/quickjs-go v0.3.0/go.mod h1:d+CLE8FY8v4gQJkPlwcinM+E9mhREMpYy5Zn7nlgE9s=
github.com/davecgh/go-spew v1.1.0/go.mod h1:J7Y8YcW2NihsgmVo/mv3lAwl/skON4iLHjSsI+c5H38=
github.com/evanw/esbuild v0.19.11 h1:mbPO1VJ/df//jjUd+p/nRLYCpizXxXb2w/zZMShxa2k=
github.com/evanw/esbuild v0.19.11/go.mod h1:D2vIQZqV/vIf/VRHtViaUtViZmG7o+kKmlBfVQuRi48=
github.com/lithdew/quickjs v0.0.0-20200714182134-aaa42285c9d2 h1:9o8F2Jlv6jetf9FKdseYhgv036iyW87vi9DoFd2O76s=
github.com/lithdew/quickjs v0.0.0-20200714182134-aaa42285c9d2/go.mod h1:zkXUczDT56GViklqUXAzmvSKkGTxV2jrG/NOWqHAbT8=
github.com/pmezard/go-difflib v1.0.0/go.mod h1:iKH77koFhYxTK1pcRnkKkqfTogsbg7gZNVY4sRDYZ/4=
github.com/quickjs-go/quickjs-go v0.0.0-20230414054158-b72900cb68c1 h1:ewpMPEbRRTe0ifOn2zix4nGt8hDtVdvqH+ivifPvccs=
github.com/quickjs-go/quickjs-go v0.0.0-20230414054158-b72900cb68c1/go.mod h1:N0i1BZeGJnNJpvvrRXKRX3gE6Wdtpzmfx6PfoENb41s=
github.com/robertkrimen/otto v0.3.0 h1:5RI+8860NSxvXywDY9ddF5HcPw0puRsd8EgbXV0oqRE=
github.com/robertkrimen/otto v0.3.0/go.mod h1:uW9yN1CYflmUQYvAMS0m+ZiNo3dMzRUDQJX0jWbzgxw=
github.com/stretchr/objx v0.1.0/go.mod h1:HFkY916IF+rwdDfMAkV7OtwuqBVzrE8GR6GFx+wExME=
github.com/stretchr/testify v1.6.1/go.mod h1:6Fq8oRcR53rry900zMqJjRRixrwX3KX962/h/Wwjteg=
golang.org/x/sys v0.0.0-20220715151400-c0bba94af5f8 h1:0A+M6Uqn+Eje4kHMK80dtF3JCXC4ykBgQG4Fe06QRhQ=
golang.org/x/sys v0.0.0-20220715151400-c0bba94af5f8/go.mod h1:oPkhp1MJrh7nUepCBck5+mAzfO9JrbApNNgaTdGDITg=
golang.org/x/sys v0.0.0-20220722155257-8c9f86f7a55f h1:v4INt8xihDGvnrfjMDVXGxw9wrfxYyCjk0KbXjhR55s=
golang.org/x/sys v0.0.0-20220722155257-8c9f86f7a55f/go.mod h1:oPkhp1MJrh7nUepCBck5+mAzfO9JrbApNNgaTdGDITg=
golang.org/x/text v0.4.0 h1:BrVqGRd7+k1DiOgtnFvAkoQEWQvBc25ouMJM6429SFg=
golang.org/x/text v0.4.0/go.mod h1:mrYo+phRRbMaCq/xk9113O4dZlRixOauAjOtrjsXDZ8=
gopkg.in/check.v1 v0.0.0-20161208181325-20d25e280405/go.mod h1:Co6ibVJAznAaIkqp8huTwlJQCZ016jof/cbN4VW5Yz0=
gopkg.in/sourcemap.v1 v1.0.5 h1:inv58fC9f9J3TK2Y2R1NPntXEn3/wjWHkonhIUODNTI=
gopkg.in/sourcemap.v1 v1.0.5/go.mod h1:2RlvNNSMglmRrcvhfuzp4hQHwOtjxlbjX7UPY/GXb78=
gopkg.in/yaml.v3 v3.0.0-20200313102051-9f266ea9e77c/go.mod h1:K4uyk7z7BCEPqu6E+C64Yfv1cQ7kz7rIZviUmN+EgEM=
rogchap.com/v8go v0.9.0 h1:wYbUCO4h6fjTamziHrzyrPnpFNuzPpjZY+nfmZjNaew=
rogchap.com/v8go v0.9.0/go.mod h1:MxgP3pL2MW4dpme/72QRs8sgNMmM0pRc8DPhcuLWPAs=
